{
  "version": 4,
  "terraform_version": "1.5.4",
  "serial": 48,
  "lineage": "4b8c7952-679c-e2e0-55e8-ffe1151df4d7",
  "outputs": {},
  "resources": [
    {
      "mode": "managed",
      "type": "local_file",
      "name": "ssh_config",
      "provider": "provider[\"registry.terraform.io/hashicorp/local\"]",
      "instances": [
        {
          "schema_version": 0,
          "attributes": {
            "content": "Host vagrant\n  HostName 127.0.0.1\n  Port 2222\n  User vagrant\n  StrictHostKeyChecking no\n  PasswordAuthentication no\n  IdentityFile \"./.vagrant/machines/default/virtualbox/private_key\"\n",
            "content_base64": null,
            "content_base64sha256": "ARQ6GKvkKkoMPu0chq1fyAPSiFoBZYV1Yw9wb+3VFd0=",
            "content_base64sha512": "24c/8sH+jGw8iE13vrJriVN20T//qWn+kUkXAuPLdsHlnIByHRFlu0u219Z7fnGYX7psx95K3t96NsNVIpQ/gw==",
            "content_md5": "7fc14a225b0d6ad91a89b0193b9398b5",
            "content_sha1": "acd19d33947f763d478462548a69453846cafdc2",
            "content_sha256": "01143a18abe42a4a0c3eed1c86ad5fc803d2885a01658575630f706fedd515dd",
            "content_sha512": "db873ff2c1fe8c6c3c884d77beb26b895376d13fffa969fe91491702e3cb76c1e59c80721d1165bb4bb6d7d67b7e71985fba6cc7de4adedf7a36c35522943f83",
            "directory_permission": "0777",
            "file_permission": "0777",
            "filename": "./ssh_config",
            "id": "acd19d33947f763d478462548a69453846cafdc2",
            "sensitive_content": null,
            "source": null
          },
          "sensitive_attributes": []
        }
      ]
    },
    {
      "mode": "managed",
      "type": "null_resource",
      "name": "ansible_provisioner",
      "provider": "provider[\"registry.terraform.io/hashicorp/null\"]",
      "instances": [
        {
          "schema_version": 0,
          "attributes": {
            "id": "3732492623435211813",
            "triggers": null
          },
          "sensitive_attributes": []
        }
      ]
    },
    {
      "mode": "managed",
      "type": "null_resource",
      "name": "vagrant",
      "provider": "provider[\"registry.terraform.io/hashicorp/null\"]",
      "instances": [
        {
          "schema_version": 0,
          "attributes": {
            "id": "8595564890430929480",
            "triggers": null
          },
          "sensitive_attributes": []
        }
      ]
    }
  ],
  "check_results": null
}
